
Microsoft Visual Studio Solution File, Format Version 12.00
# Visual Studio Version 17
VisualStudioVersion = 17.1.32319.34
MinimumVisualStudioVersion = 10.0.40219.1
Project("{FAE04EC0-301F-11D3-BF4B-00C04F79EFBC}") = "Groovy", "Groovy\Groovy.csproj", "{29E8ACAA-7675-46B9-AA6E-5BAA57F22A97}"
EndProject
Project("{FAE04EC0-301F-11D3-BF4B-00C04F79EFBC}") = "ChrisTools", "Tools\ChrisTools.csproj", "{A3033B4E-F22E-42D6-B74F-DEDCD8F423DA}"
EndProject
Global
	GlobalSection(SolutionConfigurationPlatforms) = preSolution
		Debug|Any CPU = Debug|Any CPU
		Release|Any CPU = Release|Any CPU
	EndGlobalSection
	GlobalSection(ProjectConfigurationPlatforms) = postSolution
		{29E8ACAA-7675-46B9-AA6E-5BAA57F22A97}.Debug|Any CPU.ActiveCfg = Debug|Any CPU
		{29E8ACAA-7675-46B9-AA6E-5BAA57F22A97}.Debug|Any CPU.Build.0 = Debug|Any CPU
		{29E8ACAA-7675-46B9-AA6E-5BAA57F22A97}.Release|Any CPU.ActiveCfg = Release|Any CPU
		{29E8ACAA-7675-46B9-AA6E-5BAA57F22A97}.Release|Any CPU.Build.0 = Release|Any CPU
		{A3033B4E-F22E-42D6-B74F-DEDCD8F423DA}.Debug|Any CPU.ActiveCfg = Debug|Any CPU
		{A3033B4E-F22E-42D6-B74F-DEDCD8F423DA}.Debug|Any CPU.Build.0 = Debug|Any CPU
		{A3033B4E-F22E-42D6-B74F-DEDCD8F423DA}.Release|Any CPU.ActiveCfg = Release|Any CPU
		{A3033B4E-F22E-42D6-B74F-DEDCD8F423DA}.Release|Any CPU.Build.0 = Release|Any CPU
	EndGlobalSection
	GlobalSection(SolutionProperties) = preSolution
		HideSolutionNode = FALSE
	EndGlobalSection
	GlobalSection(ExtensibilityGlobals) = postSolution
		SolutionGuid = {DD1D5225-F54C-4D00-9D4B-3626288259B1}
	EndGlobalSection
EndGlobal
